// !$*UTF8*$!
{
	archiveVersion = 1;
	classes = {
	};
	objectVersion = 50;
	objects = {

/* Begin PBXBuildFile section */
		FE966BE421EA433100229E74 /* TabBarVC.swift in Sources */ = {isa = PBXBuildFile; fileRef = FE966BE321EA433100229E74 /* TabBarVC.swift */; };
		FE966BE621EA456200229E74 /* SecondTabVC.swift in Sources */ = {isa = PBXBuildFile; fileRef = FE966BE521EA456200229E74 /* SecondTabVC.swift */; };
		FE96D14221EA593F00D0BC7B /* FirstTabView.swift in Sources */ = {isa = PBXBuildFile; fileRef = FE96D14121EA593E00D0BC7B /* FirstTabView.swift */; };
		FED0B75021AA124B005A4380 /* Tester.swift in Sources */ = {isa = PBXBuildFile; fileRef = FED0B74F21AA124B005A4380 /* Tester.swift */; };
		FEF52B08219BAB19002FCBCF /* AppDelegate.swift in Sources */ = {isa = PBXBuildFile; fileRef = FEF52B07219BAB19002FCBCF /* AppDelegate.swift */; };
		FEF52B0A219BAB19002FCBCF /* FirstTabVC.swift in Sources */ = {isa = PBXBuildFile; fileRef = FEF52B09219BAB19002FCBCF /* FirstTabVC.swift */; };
		FEF52B0F219BAB19002FCBCF /* Assets.xcassets in Resources */ = {isa = PBXBuildFile; fileRef = FEF52B0E219BAB19002FCBCF /* Assets.xcassets */; };
		FEF52B12219BAB19002FCBCF /* LaunchScreen.storyboard in Resources */ = {isa = PBXBuildFile; fileRef = FEF52B10219BAB19002FCBCF /* LaunchScreen.storyboard */; };
		FEF52B1A219BAB28002FCBCF /* mergesort.swift in Sources */ = {isa = PBXBuildFile; fileRef = FEF52B19219BAB28002FCBCF /* mergesort.swift */; };
		FEF52B1C219BAB81002FCBCF /* DoublyLL.swift in Sources */ = {isa = PBXBuildFile; fileRef = FEF52B1B219BAB81002FCBCF /* DoublyLL.swift */; };
		FEF52B1E219C3CB0002FCBCF /* SinglyLL.swift in Sources */ = {isa = PBXBuildFile; fileRef = FEF52B1D219C3CB0002FCBCF /* SinglyLL.swift */; };
/* End PBXBuildFile section */

/* Begin PBXFileReference section */
		FE966BE321EA433100229E74 /* TabBarVC.swift */ = {isa = PBXFileReference; lastKnownFileType = sourcecode.swift; path = TabBarVC.swift; sourceTree = "<group>"; };
		FE966BE521EA456200229E74 /* SecondTabVC.swift */ = {isa = PBXFileReference; lastKnownFileType = sourcecode.swift; path = SecondTabVC.swift; sourceTree = "<group>"; };
		FE96D14121EA593E00D0BC7B /* FirstTabView.swift */ = {isa = PBXFileReference; lastKnownFileType = sourcecode.swift; path = FirstTabView.swift; sourceTree = "<group>"; };
		FED0B74F21AA124B005A4380 /* Tester.swift */ = {isa = PBXFileReference; lastKnownFileType = sourcecode.swift; path = Tester.swift; sourceTree = "<group>"; };
		FEF52B04219BAB19002FCBCF /* sort.app */ = {isa = PBXFileReference; explicitFileType = wrapper.application; includeInIndex = 0; path = sort.app; sourceTree = BUILT_PRODUCTS_DIR; };
		FEF52B07219BAB19002FCBCF /* AppDelegate.swift */ = {isa = PBXFileReference; lastKnownFileType = sourcecode.swift; path = AppDelegate.swift; sourceTree = "<group>"; };
		FEF52B09219BAB19002FCBCF /* FirstTabVC.swift */ = {isa = PBXFileReference; lastKnownFileType = sourcecode.swift; path = FirstTabVC.swift; sourceTree = "<group>"; };
		FEF52B0E219BAB19002FCBCF /* Assets.xcassets */ = {isa = PBXFileReference; lastKnownFileType = folder.assetcatalog; path = Assets.xcassets; sourceTree = "<group>"; };
		FEF52B11219BAB19002FCBCF /* Base */ = {isa = PBXFileReference; lastKnownFileType = file.storyboard; name = Base; path = Base.lproj/LaunchScreen.storyboard; sourceTree = "<group>"; };
		FEF52B13219BAB19002FCBCF /* Info.plist */ = {isa = PBXFileReference; lastKnownFileType = text.plist.xml; path = Info.plist; sourceTree = "<group>"; };
		FEF52B19219BAB28002FCBCF /* mergesort.swift */ = {isa = PBXFileReference; lastKnownFileType = sourcecode.swift; path = mergesort.swift; sourceTree = "<group>"; };
		FEF52B1B219BAB81002FCBCF /* DoublyLL.swift */ = {isa = PBXFileReference; lastKnownFileType = sourcecode.swift; path = DoublyLL.swift; sourceTree = "<group>"; };
		FEF52B1D219C3CB0002FCBCF /* SinglyLL.swift */ = {isa = PBXFileReference; lastKnownFileType = sourcecode.swift; path = SinglyLL.swift; sourceTree = "<group>"; };
/* End PBXFileReference section */

/* Begin PBXFrameworksBuildPhase section */
		FEF52B01219BAB18002FCBCF /* Frameworks */ = {
			isa = PBXFrameworksBuildPhase;
			buildActionMask = 2147483647;
			files = (
			);
			runOnlyForDeploymentPostprocessing = 0;
		};
/* End PBXFrameworksBuildPhase section */

/* Begin PBXGroup section */
		FE966BE721EA496500229E74 /* Controller */ = {
			isa = PBXGroup;
			children = (
				FE966BE321EA433100229E74 /* TabBarVC.swift */,
				FEF52B09219BAB19002FCBCF /* FirstTabVC.swift */,
				FE966BE521EA456200229E74 /* SecondTabVC.swift */,
			);
			path = Controller;
			sourceTree = "<group>";
		};
		FE966BE921EA4C2800229E74 /* Utility */ = {
			isa = PBXGroup;
			children = (
				FEF52B07219BAB19002FCBCF /* AppDelegate.swift */,
				FEF52B10219BAB19002FCBCF /* LaunchScreen.storyboard */,
				FEF52B0E219BAB19002FCBCF /* Assets.xcassets */,
				FEF52B13219BAB19002FCBCF /* Info.plist */,
			);
			path = Utility;
			sourceTree = "<group>";
		};
		FE96D14021EA591F00D0BC7B /* View */ = {
			isa = PBXGroup;
			children = (
				FE96D14121EA593E00D0BC7B /* FirstTabView.swift */,
			);
			path = View;
			sourceTree = "<group>";
		};
		FEF52AFB219BAB18002FCBCF = {
			isa = PBXGroup;
			children = (
				FEF52B06219BAB19002FCBCF /* sort */,
				FEF52B05219BAB19002FCBCF /* Products */,
			);
			sourceTree = "<group>";
		};
		FEF52B05219BAB19002FCBCF /* Products */ = {
			isa = PBXGroup;
			children = (
				FEF52B04219BAB19002FCBCF /* sort.app */,
			);
			name = Products;
			sourceTree = "<group>";
		};
		FEF52B06219BAB19002FCBCF /* sort */ = {
			isa = PBXGroup;
			children = (
				FE96D14021EA591F00D0BC7B /* View */,
				FE966BE721EA496500229E74 /* Controller */,
				FE966BE921EA4C2800229E74 /* Utility */,
				FEF52B1B219BAB81002FCBCF /* DoublyLL.swift */,
				FEF52B1D219C3CB0002FCBCF /* SinglyLL.swift */,
				FED0B74F21AA124B005A4380 /* Tester.swift */,
				FEF52B19219BAB28002FCBCF /* mergesort.swift */,
			);
			path = sort;
			sourceTree = "<group>";
		};
/* End PBXGroup section */

/* Begin PBXNativeTarget section */
		FEF52B03219BAB18002FCBCF /* sort */ = {
			isa = PBXNativeTarget;
			buildConfigurationList = FEF52B16219BAB19002FCBCF /* Build configuration list for PBXNativeTarget "sort" */;
			buildPhases = (
				FEF52B00219BAB18002FCBCF /* Sources */,
				FEF52B01219BAB18002FCBCF /* Frameworks */,
				FEF52B02219BAB18002FCBCF /* Resources */,
			);
			buildRules = (
			);
			dependencies = (
			);
			name = sort;
			productName = sort;
			productReference = FEF52B04219BAB19002FCBCF /* sort.app */;
			productType = "com.apple.product-type.application";
		};
/* End PBXNativeTarget section */

/* Begin PBXProject section */
		FEF52AFC219BAB18002FCBCF /* Project object */ = {
			isa = PBXProject;
			attributes = {
				LastSwiftUpdateCheck = 1010;
				LastUpgradeCheck = 1010;
				ORGANIZATIONNAME = "Lawrence Herman";
				TargetAttributes = {
					FEF52B03219BAB18002FCBCF = {
						CreatedOnToolsVersion = 10.1;
						LastSwiftMigration = 1010;
					};
				};
			};
			buildConfigurationList = FEF52AFF219BAB18002FCBCF /* Build configuration list for PBXProject "sort" */;
			compatibilityVersion = "Xcode 9.3";
			developmentRegion = en;
			hasScannedForEncodings = 0;
			knownRegions = (
				en,
				Base,
			);
			mainGroup = FEF52AFB219BAB18002FCBCF;
			productRefGroup = FEF52B05219BAB19002FCBCF /* Products */;
			projectDirPath = "";
			projectRoot = "";
			targets = (
				FEF52B03219BAB18002FCBCF /* sort */,
			);
		};
/* End PBXProject section */

/* Begin PBXResourcesBuildPhase section */
		FEF52B02219BAB18002FCBCF /* Resources */ = {
			isa = PBXResourcesBuildPhase;
			buildActionMask = 2147483647;
			files = (
				FEF52B12219BAB19002FCBCF /* LaunchScreen.storyboard in Resources */,
				FEF52B0F219BAB19002FCBCF /* Assets.xcassets in Resources */,
			);
			runOnlyForDeploymentPostprocessing = 0;
		};
/* End PBXResourcesBuildPhase section */

/* Begin PBXSourcesBuildPhase section */
		FEF52B00219BAB18002FCBCF /* Sources */ = {
			isa = PBXSourcesBuildPhase;
			buildActionMask = 2147483647;
			files = (
				FEF52B1E219C3CB0002FCBCF /* SinglyLL.swift in Sources */,
				FEF52B0A219BAB19002FCBCF /* FirstTabVC.swift in Sources */,
				FEF52B1A219BAB28002FCBCF /* mergesort.swift in Sources */,
				FEF52B1C219BAB81002FCBCF /* DoublyLL.swift in Sources */,
				FEF52B08219BAB19002FCBCF /* AppDelegate.swift in Sources */,
				FE966BE421EA433100229E74 /* TabBarVC.swift in Sources */,
				FE966BE621EA456200229E74 /* SecondTabVC.swift in Sources */,
				FE96D14221EA593F00D0BC7B /* FirstTabView.swift in Sources */,
				FED0B75021AA124B005A4380 /* Tester.swift in Sources */,
			);
			runOnlyForDeploymentPostprocessing = 0;
		};
/* End PBXSourcesBuildPhase section */

/* Begin PBXVariantGroup section */
		FEF52B10219BAB19002FCBCF /* LaunchScreen.storyboard */ = {
			isa = PBXVariantGroup;
			children = (
				FEF52B11219BAB19002FCBCF /* Base */,
			);
			name = LaunchScreen.storyboard;
			sourceTree = "<group>";
		};
/* End PBXVariantGroup section */

/* Begin XCBuildConfiguration section */
		FEF52B14219BAB19002FCBCF /* Debug */ = {
			isa = XCBuildConfiguration;
			buildSettings = {
				ALWAYS_SEARCH_USER_PATHS = NO;
				CLANG_ANALYZER_NONNULL = YES;
				CLANG_ANALYZER_NUMBER_OBJECT_CONVERSION = YES_AGGRESSIVE;
				CLANG_CXX_LANGUAGE_STANDARD = "gnu++14";
				CLANG_CXX_LIBRARY = "libc++";
				CLANG_ENABLE_MODULES = YES;
				CLANG_ENABLE_OBJC_ARC = YES;
				CLANG_ENABLE_OBJC_WEAK = YES;
				CLANG_WARN_BLOCK_CAPTURE_AUTORELEASING = YES;
				CLANG_WARN_BOOL_CONVERSION = YES;
				CLANG_WARN_COMMA = YES;
				CLANG_WARN_CONSTANT_CONVERSION = YES;
				CLANG_WARN_DEPRECATED_OBJC_IMPLEMENTATIONS = YES;
				CLANG_WARN_DIRECT_OBJC_ISA_USAGE = YES_ERROR;
				CLANG_WARN_DOCUMENTATION_COMMENTS = YES;
				CLANG_WARN_EMPTY_BODY = YES;
				CLANG_WARN_ENUM_CONVERSION = YES;
				CLANG_WARN_INFINITE_RECURSION = YES;
				CLANG_WARN_INT_CONVERSION = YES;
				CLANG_WARN_NON_LITERAL_NULL_CONVERSION = YES;
				CLANG_WARN_OBJC_IMPLICIT_RETAIN_SELF = YES;
				CLANG_WARN_OBJC_LITERAL_CONVERSION = YES;
				CLANG_WARN_OBJC_ROOT_CLASS = YES_ERROR;
				CLANG_WARN_RANGE_LOOP_ANALYSIS = YES;
				CLANG_WARN_STRICT_PROTOTYPES = YES;
				CLANG_WARN_SUSPICIOUS_MOVE = YES;
				CLANG_WARN_UNGUARDED_AVAILABILITY = YES_AGGRESSIVE;
				CLANG_WARN_UNREACHABLE_CODE = YES;
				CLANG_WARN__DUPLICATE_METHOD_MATCH = YES;
				CODE_SIGN_IDENTITY = "iPhone Developer";
				COPY_PHASE_STRIP = NO;
				DEBUG_INFORMATION_FORMAT = dwarf;
				ENABLE_STRICT_OBJC_MSGSEND = YES;
				ENABLE_TESTABILITY = YES;
				GCC_C_LANGUAGE_STANDARD = gnu11;
				GCC_DYNAMIC_NO_PIC = NO;
				GCC_NO_COMMON_BLOCKS = YES;
				GCC_OPTIMIZATION_LEVEL = 0;
				GCC_PREPROCESSOR_DEFINITIONS = (
					"DEBUG=1",
					"$(inherited)",
				);
				GCC_WARN_64_TO_32_BIT_CONVERSION = YES;
				GCC_WARN_ABOUT_RETURN_TYPE = YES_ERROR;
				GCC_WARN_UNDECLARED_SELECTOR = YES;
				GCC_WARN_UNINITIALIZED_AUTOS = YES_AGGRESSIVE;
				GCC_WARN_UNUSED_FUNCTION = YES;
				GCC_WARN_UNUSED_VARIABLE = YES;
				IPHONEOS_DEPLOYMENT_TARGET = 12.1;
				MTL_ENABLE_DEBUG_INFO = INCLUDE_SOURCE;
				MTL_FAST_MATH = YES;
				ONLY_ACTIVE_ARCH = YES;
				SDKROOT = iphoneos;
				SWIFT_ACTIVE_COMPILATION_CONDITIONS = DEBUG;
				SWIFT_OPTIMIZATION_LEVEL = "-Onone";
			};
			name = Debug;
		};
		FEF52B15219BAB19002FCBCF /* Release */ = {
			isa = XCBuildConfiguration;
			buildSettings = {
				ALWAYS_SEARCH_USER_PATHS = NO;
				CLANG_ANALYZER_NONNULL = YES;
				CLANG_ANALYZER_NUMBER_OBJECT_CONVERSION = YES_AGGRESSIVE;
				CLANG_CXX_LANGUAGE_STANDARD = "gnu++14";
				CLANG_CXX_LIBRARY = "libc++";
				CLANG_ENABLE_MODULES = YES;
				CLANG_ENABLE_OBJC_ARC = YES;
				CLANG_ENABLE_OBJC_WEAK = YES;
				CLANG_WARN_BLOCK_CAPTURE_AUTORELEASING = YES;
				CLANG_WARN_BOOL_CONVERSION = YES;
				CLANG_WARN_COMMA = YES;
				CLANG_WARN_CONSTANT_CONVERSION = YES;
				CLANG_WARN_DEPRECATED_OBJC_IMPLEMENTATIONS = YES;
				CLANG_WARN_DIRECT_OBJC_ISA_USAGE = YES_ERROR;
				CLANG_WARN_DOCUMENTATION_COMMENTS = YES;
				CLANG_WARN_EMPTY_BODY = YES;
				CLANG_WARN_ENUM_CONVERSION = YES;
				CLANG_WARN_INFINITE_RECURSION = YES;
				CLANG_WARN_INT_CONVERSION = YES;
				CLANG_WARN_NON_LITERAL_NULL_CONVERSION = YES;
				CLANG_WARN_OBJC_IMPLICIT_RETAIN_SELF = YES;
				CLANG_WARN_OBJC_LITERAL_CONVERSION = YES;
				CLANG_WARN_OBJC_ROOT_CLASS = YES_ERROR;
				CLANG_WARN_RANGE_LOOP_ANALYSIS = YES;
				CLANG_WARN_STRICT_PROTOTYPES = YES;
				CLANG_WARN_SUSPICIOUS_MOVE = YES;
				CLANG_WARN_UNGUARDED_AVAILABILITY = YES_AGGRESSIVE;
				CLANG_WARN_UNREACHABLE_CODE = YES;
				CLANG_WARN__DUPLICATE_METHOD_MATCH = YES;
				CODE_SIGN_IDENTITY = "iPhone Developer";
				COPY_PHASE_STRIP = NO;
				DEBUG_INFORMATION_FORMAT = "dwarf-with-dsym";
				ENABLE_NS_ASSERTIONS = NO;
				ENABLE_STRICT_OBJC_MSGSEND = YES;
				GCC_C_LANGUAGE_STANDARD = gnu11;
				GCC_NO_COMMON_BLOCKS = YES;
				GCC_WARN_64_TO_32_BIT_CONVERSION = YES;
				GCC_WARN_ABOUT_RETURN_TYPE = YES_ERROR;
				GCC_WARN_UNDECLARED_SELECTOR = YES;
				GCC_WARN_UNINITIALIZED_AUTOS = YES_AGGRESSIVE;
				GCC_WARN_UNUSED_FUNCTION = YES;
				GCC_WARN_UNUSED_VARIABLE = YES;
				IPHONEOS_DEPLOYMENT_TARGET = 12.1;
				MTL_ENABLE_DEBUG_INFO = NO;
				MTL_FAST_MATH = YES;
				SDKROOT = iphoneos;
				SWIFT_COMPILATION_MODE = wholemodule;
				SWIFT_OPTIMIZATION_LEVEL = "-O";
				VALIDATE_PRODUCT = YES;
			};
			name = Release;
		};
		FEF52B17219BAB19002FCBCF /* Debug */ = {
			isa = XCBuildConfiguration;
			buildSettings = {
				ASSETCATALOG_COMPILER_APPICON_NAME = AppIcon;
				CLANG_ENABLE_MODULES = YES;
				CODE_SIGN_STYLE = Automatic;
				DEVELOPMENT_TEAM = GB3732J7W2;
				INFOPLIST_FILE = "$(SRCROOT)/sort/Utility/Info.plist";
				LD_RUNPATH_SEARCH_PATHS = (
					"$(inherited)",
					"@executable_path/Frameworks",
				);
				PRODUCT_BUNDLE_IDENTIFIER = lawrenceherman.sort;
				PRODUCT_NAME = "$(TARGET_NAME)";
				SWIFT_OPTIMIZATION_LEVEL = "-Onone";
				SWIFT_VERSION = 4.2;
				TARGETED_DEVICE_FAMILY = "1,2";
			};
			name = Debug;
		};
		FEF52B18219BAB19002FCBCF /* Release */ = {
			isa = XCBuildConfiguration;
			buildSettings = {
				ASSETCATALOG_COMPILER_APPICON_NAME = AppIcon;
				CLANG_ENABLE_MODULES = YES;
				CODE_SIGN_STYLE = Automatic;
				DEVELOPMENT_TEAM = GB3732J7W2;
				INFOPLIST_FILE = "$(SRCROOT)/sort/Utility/Info.plist";
				LD_RUNPATH_SEARCH_PATHS = (
					"$(inherited)",
					"@executable_path/Frameworks",
				);
				PRODUCT_BUNDLE_IDENTIFIER = lawrenceherman.sort;
				PRODUCT_NAME = "$(TARGET_NAME)";
				SWIFT_VERSION = 4.2;
				TARGETED_DEVICE_FAMILY = "1,2";
			};
			name = Release;
		};
/* End XCBuildConfiguration section */

/* Begin XCConfigurationList section */
		FEF52AFF219BAB18002FCBCF /* Build configuration list for PBXProject "sort" */ = {
			isa = XCConfigurationList;
			buildConfigurations = (
				FEF52B14219BAB19002FCBCF /* Debug */,
				FEF52B15219BAB19002FCBCF /* Release */,
			);
			defaultConfigurationIsVisible = 0;
			defaultConfigurationName = Release;
		};
		FEF52B16219BAB19002FCBCF /* Build configuration list for PBXNativeTarget "sort" */ = {
			isa = XCConfigurationList;
			buildConfigurations = (
				FEF52B17219BAB19002FCBCF /* Debug */,
				FEF52B18219BAB19002FCBCF /* Release */,
			);
			defaultConfigurationIsVisible = 0;
			defaultConfigurationName = Release;
		};
/* End XCConfigurationList section */
	};
	rootObject = FEF52AFC219BAB18002FCBCF /* Project object */;
}
