// !$*UTF8*$!
{
	archiveVersion = 1;
	classes = {
	};
	objectVersion = 50;
	objects = {

/* Begin PBXBuildFile section */
		FE6BAC65220DA379006355D5 /* Tree.swift in Sources */ = {isa = PBXBuildFile; fileRef = FE6BAC64220DA379006355D5 /* Tree.swift */; };
		FE966BE421EA433100229E74 /* TabBarVC.swift in Sources */ = {isa = PBXBuildFile; fileRef = FE966BE321EA433100229E74 /* TabBarVC.swift */; };
		FE96D14221EA593F00D0BC7B /* DSTypeView.swift in Sources */ = {isa = PBXBuildFile; fileRef = FE96D14121EA593E00D0BC7B /* DSTypeView.swift */; };
		FE9E39EB2218CE0F00D95B63 /* HomeCVC.swift in Sources */ = {isa = PBXBuildFile; fileRef = FE9E39EA2218CE0F00D95B63 /* HomeCVC.swift */; };
		FE9E39ED2218D61D00D95B63 /* HomeCVCell.swift in Sources */ = {isa = PBXBuildFile; fileRef = FE9E39EC2218D61D00D95B63 /* HomeCVCell.swift */; };
		FEA4CD7821F7F05C006C43C3 /* sortTests.swift in Sources */ = {isa = PBXBuildFile; fileRef = FEA4CD7721F7F05C006C43C3 /* sortTests.swift */; };
		FED0B75021AA124B005A4380 /* Tester.swift in Sources */ = {isa = PBXBuildFile; fileRef = FED0B74F21AA124B005A4380 /* Tester.swift */; };
		FEF52B08219BAB19002FCBCF /* AppDelegate.swift in Sources */ = {isa = PBXBuildFile; fileRef = FEF52B07219BAB19002FCBCF /* AppDelegate.swift */; };
		FEF52B0A219BAB19002FCBCF /* DSType.swift in Sources */ = {isa = PBXBuildFile; fileRef = FEF52B09219BAB19002FCBCF /* DSType.swift */; };
		FEF52B0F219BAB19002FCBCF /* Assets.xcassets in Resources */ = {isa = PBXBuildFile; fileRef = FEF52B0E219BAB19002FCBCF /* Assets.xcassets */; };
		FEF52B12219BAB19002FCBCF /* LaunchScreen.storyboard in Resources */ = {isa = PBXBuildFile; fileRef = FEF52B10219BAB19002FCBCF /* LaunchScreen.storyboard */; };
		FEF52B1A219BAB28002FCBCF /* mergesort.swift in Sources */ = {isa = PBXBuildFile; fileRef = FEF52B19219BAB28002FCBCF /* mergesort.swift */; };
		FEF52B1C219BAB81002FCBCF /* DoublyLL.swift in Sources */ = {isa = PBXBuildFile; fileRef = FEF52B1B219BAB81002FCBCF /* DoublyLL.swift */; };
		FEF52B1E219C3CB0002FCBCF /* SinglyLL.swift in Sources */ = {isa = PBXBuildFile; fileRef = FEF52B1D219C3CB0002FCBCF /* SinglyLL.swift */; };
/* End PBXBuildFile section */

/* Begin PBXContainerItemProxy section */
		FEA4CD7A21F7F05C006C43C3 /* PBXContainerItemProxy */ = {
			isa = PBXContainerItemProxy;
			containerPortal = FEF52AFC219BAB18002FCBCF /* Project object */;
			proxyType = 1;
			remoteGlobalIDString = FEF52B03219BAB18002FCBCF;
			remoteInfo = sort;
		};
/* End PBXContainerItemProxy section */

/* Begin PBXFileReference section */
		FE6BAC64220DA379006355D5 /* Tree.swift */ = {isa = PBXFileReference; lastKnownFileType = sourcecode.swift; path = Tree.swift; sourceTree = "<group>"; };
		FE966BE321EA433100229E74 /* TabBarVC.swift */ = {isa = PBXFileReference; lastKnownFileType = sourcecode.swift; path = TabBarVC.swift; sourceTree = "<group>"; };
		FE96D14121EA593E00D0BC7B /* DSTypeView.swift */ = {isa = PBXFileReference; lastKnownFileType = sourcecode.swift; path = DSTypeView.swift; sourceTree = "<group>"; };
		FE9E39EA2218CE0F00D95B63 /* HomeCVC.swift */ = {isa = PBXFileReference; lastKnownFileType = sourcecode.swift; path = HomeCVC.swift; sourceTree = "<group>"; };
		FE9E39EC2218D61D00D95B63 /* HomeCVCell.swift */ = {isa = PBXFileReference; lastKnownFileType = sourcecode.swift; path = HomeCVCell.swift; sourceTree = "<group>"; };
		FEA4CD7521F7F05C006C43C3 /* sortTests.xctest */ = {isa = PBXFileReference; explicitFileType = wrapper.cfbundle; includeInIndex = 0; path = sortTests.xctest; sourceTree = BUILT_PRODUCTS_DIR; };
		FEA4CD7721F7F05C006C43C3 /* sortTests.swift */ = {isa = PBXFileReference; lastKnownFileType = sourcecode.swift; path = sortTests.swift; sourceTree = "<group>"; };
		FEA4CD7921F7F05C006C43C3 /* Info.plist */ = {isa = PBXFileReference; lastKnownFileType = text.plist.xml; path = Info.plist; sourceTree = "<group>"; };
		FED0B74F21AA124B005A4380 /* Tester.swift */ = {isa = PBXFileReference; lastKnownFileType = sourcecode.swift; path = Tester.swift; sourceTree = "<group>"; };
		FEF52B04219BAB19002FCBCF /* sort.app */ = {isa = PBXFileReference; explicitFileType = wrapper.application; includeInIndex = 0; path = sort.app; sourceTree = BUILT_PRODUCTS_DIR; };
		FEF52B07219BAB19002FCBCF /* AppDelegate.swift */ = {isa = PBXFileReference; lastKnownFileType = sourcecode.swift; path = AppDelegate.swift; sourceTree = "<group>"; };
		FEF52B09219BAB19002FCBCF /* DSType.swift */ = {isa = PBXFileReference; lastKnownFileType = sourcecode.swift; path = DSType.swift; sourceTree = "<group>"; };
		FEF52B0E219BAB19002FCBCF /* Assets.xcassets */ = {isa = PBXFileReference; lastKnownFileType = folder.assetcatalog; path = Assets.xcassets; sourceTree = "<group>"; };
		FEF52B11219BAB19002FCBCF /* Base */ = {isa = PBXFileReference; lastKnownFileType = file.storyboard; name = Base; path = Base.lproj/LaunchScreen.storyboard; sourceTree = "<group>"; };
		FEF52B13219BAB19002FCBCF /* Info.plist */ = {isa = PBXFileReference; lastKnownFileType = text.plist.xml; path = Info.plist; sourceTree = "<group>"; };
		FEF52B19219BAB28002FCBCF /* mergesort.swift */ = {isa = PBXFileReference; lastKnownFileType = sourcecode.swift; path = mergesort.swift; sourceTree = "<group>"; };
		FEF52B1B219BAB81002FCBCF /* DoublyLL.swift */ = {isa = PBXFileReference; lastKnownFileType = sourcecode.swift; path = DoublyLL.swift; sourceTree = "<group>"; };
		FEF52B1D219C3CB0002FCBCF /* SinglyLL.swift */ = {isa = PBXFileReference; lastKnownFileType = sourcecode.swift; path = SinglyLL.swift; sourceTree = "<group>"; };
/* End PBXFileReference section */

/* Begin PBXFrameworksBuildPhase section */
		FEA4CD7221F7F05C006C43C3 /* Frameworks */ = {
			isa = PBXFrameworksBuildPhase;
			buildActionMask = 2147483647;
			files = (
			);
			runOnlyForDeploymentPostprocessing = 0;
		};
		FEF52B01219BAB18002FCBCF /* Frameworks */ = {
			isa = PBXFrameworksBuildPhase;
			buildActionMask = 2147483647;
			files = (
			);
			runOnlyForDeploymentPostprocessing = 0;
		};
/* End PBXFrameworksBuildPhase section */

/* Begin PBXGroup section */
		FE6BAC62220DA343006355D5 /* DataStructures */ = {
			isa = PBXGroup;
			children = (
				FEF52B1B219BAB81002FCBCF /* DoublyLL.swift */,
				FEF52B1D219C3CB0002FCBCF /* SinglyLL.swift */,
				FE6BAC64220DA379006355D5 /* Tree.swift */,
			);
			path = DataStructures;
			sourceTree = "<group>";
		};
		FE6BAC63220DA35D006355D5 /* Sorts */ = {
			isa = PBXGroup;
			children = (
				FEF52B19219BAB28002FCBCF /* mergesort.swift */,
			);
			path = Sorts;
			sourceTree = "<group>";
		};
		FE966BE721EA496500229E74 /* Controller */ = {
			isa = PBXGroup;
			children = (
				FEF52B09219BAB19002FCBCF /* DSType.swift */,
				FE9E39EA2218CE0F00D95B63 /* HomeCVC.swift */,
				FE966BE321EA433100229E74 /* TabBarVC.swift */,
			);
			path = Controller;
			sourceTree = "<group>";
		};
		FE966BE921EA4C2800229E74 /* Utility */ = {
			isa = PBXGroup;
			children = (
				FEF52B07219BAB19002FCBCF /* AppDelegate.swift */,
				FEF52B10219BAB19002FCBCF /* LaunchScreen.storyboard */,
				FEF52B0E219BAB19002FCBCF /* Assets.xcassets */,
				FEF52B13219BAB19002FCBCF /* Info.plist */,
			);
			path = Utility;
			sourceTree = "<group>";
		};
		FE96D14021EA591F00D0BC7B /* View */ = {
			isa = PBXGroup;
			children = (
				FE96D14121EA593E00D0BC7B /* DSTypeView.swift */,
				FE9E39EC2218D61D00D95B63 /* HomeCVCell.swift */,
			);
			path = View;
			sourceTree = "<group>";
		};
		FEA4CD7621F7F05C006C43C3 /* sortTests */ = {
			isa = PBXGroup;
			children = (
				FEA4CD7721F7F05C006C43C3 /* sortTests.swift */,
				FEA4CD7921F7F05C006C43C3 /* Info.plist */,
			);
			path = sortTests;
			sourceTree = "<group>";
		};
		FEF52AFB219BAB18002FCBCF = {
			isa = PBXGroup;
			children = (
				FEF52B06219BAB19002FCBCF /* sort */,
				FEA4CD7621F7F05C006C43C3 /* sortTests */,
				FEF52B05219BAB19002FCBCF /* Products */,
			);
			sourceTree = "<group>";
		};
		FEF52B05219BAB19002FCBCF /* Products */ = {
			isa = PBXGroup;
			children = (
				FEF52B04219BAB19002FCBCF /* sort.app */,
				FEA4CD7521F7F05C006C43C3 /* sortTests.xctest */,
			);
			name = Products;
			sourceTree = "<group>";
		};
		FEF52B06219BAB19002FCBCF /* sort */ = {
			isa = PBXGroup;
			children = (
				FE6BAC63220DA35D006355D5 /* Sorts */,
				FE6BAC62220DA343006355D5 /* DataStructures */,
				FE96D14021EA591F00D0BC7B /* View */,
				FE966BE721EA496500229E74 /* Controller */,
				FE966BE921EA4C2800229E74 /* Utility */,
				FED0B74F21AA124B005A4380 /* Tester.swift */,
			);
			path = sort;
			sourceTree = "<group>";
		};
/* End PBXGroup section */

/* Begin PBXNativeTarget section */
		FEA4CD7421F7F05C006C43C3 /* sortTests */ = {
			isa = PBXNativeTarget;
			buildConfigurationList = FEA4CD7E21F7F05C006C43C3 /* Build configuration list for PBXNativeTarget "sortTests" */;
			buildPhases = (
				FEA4CD7121F7F05C006C43C3 /* Sources */,
				FEA4CD7221F7F05C006C43C3 /* Frameworks */,
				FEA4CD7321F7F05C006C43C3 /* Resources */,
			);
			buildRules = (
			);
			dependencies = (
				FEA4CD7B21F7F05C006C43C3 /* PBXTargetDependency */,
			);
			name = sortTests;
			productName = sortTests;
			productReference = FEA4CD7521F7F05C006C43C3 /* sortTests.xctest */;
			productType = "com.apple.product-type.bundle.unit-test";
		};
		FEF52B03219BAB18002FCBCF /* sort */ = {
			isa = PBXNativeTarget;
			buildConfigurationList = FEF52B16219BAB19002FCBCF /* Build configuration list for PBXNativeTarget "sort" */;
			buildPhases = (
				FEF52B00219BAB18002FCBCF /* Sources */,
				FEF52B01219BAB18002FCBCF /* Frameworks */,
				FEF52B02219BAB18002FCBCF /* Resources */,
			);
			buildRules = (
			);
			dependencies = (
			);
			name = sort;
			productName = sort;
			productReference = FEF52B04219BAB19002FCBCF /* sort.app */;
			productType = "com.apple.product-type.application";
		};
/* End PBXNativeTarget section */

/* Begin PBXProject section */
		FEF52AFC219BAB18002FCBCF /* Project object */ = {
			isa = PBXProject;
			attributes = {
				LastSwiftUpdateCheck = 1010;
				LastUpgradeCheck = 1010;
				ORGANIZATIONNAME = "Lawrence Herman";
				TargetAttributes = {
					FEA4CD7421F7F05C006C43C3 = {
						CreatedOnToolsVersion = 10.1;
						TestTargetID = FEF52B03219BAB18002FCBCF;
					};
					FEF52B03219BAB18002FCBCF = {
						CreatedOnToolsVersion = 10.1;
						LastSwiftMigration = 1010;
					};
				};
			};
			buildConfigurationList = FEF52AFF219BAB18002FCBCF /* Build configuration list for PBXProject "sort" */;
			compatibilityVersion = "Xcode 9.3";
			developmentRegion = en;
			hasScannedForEncodings = 0;
			knownRegions = (
				en,
				Base,
			);
			mainGroup = FEF52AFB219BAB18002FCBCF;
			productRefGroup = FEF52B05219BAB19002FCBCF /* Products */;
			projectDirPath = "";
			projectRoot = "";
			targets = (
				FEF52B03219BAB18002FCBCF /* sort */,
				FEA4CD7421F7F05C006C43C3 /* sortTests */,
			);
		};
/* End PBXProject section */

/* Begin PBXResourcesBuildPhase section */
		FEA4CD7321F7F05C006C43C3 /* Resources */ = {
			isa = PBXResourcesBuildPhase;
			buildActionMask = 2147483647;
			files = (
			);
			runOnlyForDeploymentPostprocessing = 0;
		};
		FEF52B02219BAB18002FCBCF /* Resources */ = {
			isa = PBXResourcesBuildPhase;
			buildActionMask = 2147483647;
			files = (
				FEF52B12219BAB19002FCBCF /* LaunchScreen.storyboard in Resources */,
				FEF52B0F219BAB19002FCBCF /* Assets.xcassets in Resources */,
			);
			runOnlyForDeploymentPostprocessing = 0;
		};
/* End PBXResourcesBuildPhase section */

/* Begin PBXSourcesBuildPhase section */
		FEA4CD7121F7F05C006C43C3 /* Sources */ = {
			isa = PBXSourcesBuildPhase;
			buildActionMask = 2147483647;
			files = (
				FEA4CD7821F7F05C006C43C3 /* sortTests.swift in Sources */,
			);
			runOnlyForDeploymentPostprocessing = 0;
		};
		FEF52B00219BAB18002FCBCF /* Sources */ = {
			isa = PBXSourcesBuildPhase;
			buildActionMask = 2147483647;
			files = (
				FEF52B1E219C3CB0002FCBCF /* SinglyLL.swift in Sources */,
				FEF52B0A219BAB19002FCBCF /* DSType.swift in Sources */,
				FEF52B1A219BAB28002FCBCF /* mergesort.swift in Sources */,
				FEF52B1C219BAB81002FCBCF /* DoublyLL.swift in Sources */,
				FEF52B08219BAB19002FCBCF /* AppDelegate.swift in Sources */,
				FE9E39ED2218D61D00D95B63 /* HomeCVCell.swift in Sources */,
				FE6BAC65220DA379006355D5 /* Tree.swift in Sources */,
				FE966BE421EA433100229E74 /* TabBarVC.swift in Sources */,
				FE96D14221EA593F00D0BC7B /* DSTypeView.swift in Sources */,
				FED0B75021AA124B005A4380 /* Tester.swift in Sources */,
				FE9E39EB2218CE0F00D95B63 /* HomeCVC.swift in Sources */,
			);
			runOnlyForDeploymentPostprocessing = 0;
		};
/* End PBXSourcesBuildPhase section */

/* Begin PBXTargetDependency section */
		FEA4CD7B21F7F05C006C43C3 /* PBXTargetDependency */ = {
			isa = PBXTargetDependency;
			target = FEF52B03219BAB18002FCBCF /* sort */;
			targetProxy = FEA4CD7A21F7F05C006C43C3 /* PBXContainerItemProxy */;
		};
/* End PBXTargetDependency section */

/* Begin PBXVariantGroup section */
		FEF52B10219BAB19002FCBCF /* LaunchScreen.storyboard */ = {
			isa = PBXVariantGroup;
			children = (
				FEF52B11219BAB19002FCBCF /* Base */,
			);
			name = LaunchScreen.storyboard;
			sourceTree = "<group>";
		};
/* End PBXVariantGroup section */

/* Begin XCBuildConfiguration section */
		FEA4CD7C21F7F05C006C43C3 /* Debug */ = {
			isa = XCBuildConfiguration;
			buildSettings = {
				BUNDLE_LOADER = "$(TEST_HOST)";
				CODE_SIGN_STYLE = Automatic;
				DEVELOPMENT_TEAM = GB3732J7W2;
				INFOPLIST_FILE = sortTests/Info.plist;
				LD_RUNPATH_SEARCH_PATHS = (
					"$(inherited)",
					"@executable_path/Frameworks",
					"@loader_path/Frameworks",
				);
				PRODUCT_BUNDLE_IDENTIFIER = lawrenceherman.sortTests;
				PRODUCT_NAME = "$(TARGET_NAME)";
				SWIFT_VERSION = 4.2;
				TARGETED_DEVICE_FAMILY = "1,2";
				TEST_HOST = "$(BUILT_PRODUCTS_DIR)/sort.app/sort";
			};
			name = Debug;
		};
		FEA4CD7D21F7F05C006C43C3 /* Release */ = {
			isa = XCBuildConfiguration;
			buildSettings = {
				BUNDLE_LOADER = "$(TEST_HOST)";
				CODE_SIGN_STYLE = Automatic;
				DEVELOPMENT_TEAM = GB3732J7W2;
				INFOPLIST_FILE = sortTests/Info.plist;
				LD_RUNPATH_SEARCH_PATHS = (
					"$(inherited)",
					"@executable_path/Frameworks",
					"@loader_path/Frameworks",
				);
				PRODUCT_BUNDLE_IDENTIFIER = lawrenceherman.sortTests;
				PRODUCT_NAME = "$(TARGET_NAME)";
				SWIFT_VERSION = 4.2;
				TARGETED_DEVICE_FAMILY = "1,2";
				TEST_HOST = "$(BUILT_PRODUCTS_DIR)/sort.app/sort";
			};
			name = Release;
		};
		FEF52B14219BAB19002FCBCF /* Debug */ = {
			isa = XCBuildConfiguration;
			buildSettings = {
				ALWAYS_SEARCH_USER_PATHS = NO;
				CLANG_ANALYZER_NONNULL = YES;
				CLANG_ANALYZER_NUMBER_OBJECT_CONVERSION = YES_AGGRESSIVE;
				CLANG_CXX_LANGUAGE_STANDARD = "gnu++14";
				CLANG_CXX_LIBRARY = "libc++";
				CLANG_ENABLE_MODULES = YES;
				CLANG_ENABLE_OBJC_ARC = YES;
				CLANG_ENABLE_OBJC_WEAK = YES;
				CLANG_WARN_BLOCK_CAPTURE_AUTORELEASING = YES;
				CLANG_WARN_BOOL_CONVERSION = YES;
				CLANG_WARN_COMMA = YES;
				CLANG_WARN_CONSTANT_CONVERSION = YES;
				CLANG_WARN_DEPRECATED_OBJC_IMPLEMENTATIONS = YES;
				CLANG_WARN_DIRECT_OBJC_ISA_USAGE = YES_ERROR;
				CLANG_WARN_DOCUMENTATION_COMMENTS = YES;
				CLANG_WARN_EMPTY_BODY = YES;
				CLANG_WARN_ENUM_CONVERSION = YES;
				CLANG_WARN_INFINITE_RECURSION = YES;
				CLANG_WARN_INT_CONVERSION = YES;
				CLANG_WARN_NON_LITERAL_NULL_CONVERSION = YES;
				CLANG_WARN_OBJC_IMPLICIT_RETAIN_SELF = YES;
				CLANG_WARN_OBJC_LITERAL_CONVERSION = YES;
				CLANG_WARN_OBJC_ROOT_CLASS = YES_ERROR;
				CLANG_WARN_RANGE_LOOP_ANALYSIS = YES;
				CLANG_WARN_STRICT_PROTOTYPES = YES;
				CLANG_WARN_SUSPICIOUS_MOVE = YES;
				CLANG_WARN_UNGUARDED_AVAILABILITY = YES_AGGRESSIVE;
				CLANG_WARN_UNREACHABLE_CODE = YES;
				CLANG_WARN__DUPLICATE_METHOD_MATCH = YES;
				CODE_SIGN_IDENTITY = "iPhone Developer";
				COPY_PHASE_STRIP = NO;
				DEBUG_INFORMATION_FORMAT = dwarf;
				ENABLE_STRICT_OBJC_MSGSEND = YES;
				ENABLE_TESTABILITY = YES;
				GCC_C_LANGUAGE_STANDARD = gnu11;
				GCC_DYNAMIC_NO_PIC = NO;
				GCC_NO_COMMON_BLOCKS = YES;
				GCC_OPTIMIZATION_LEVEL = 0;
				GCC_PREPROCESSOR_DEFINITIONS = (
					"DEBUG=1",
					"$(inherited)",
				);
				GCC_WARN_64_TO_32_BIT_CONVERSION = YES;
				GCC_WARN_ABOUT_RETURN_TYPE = YES_ERROR;
				GCC_WARN_UNDECLARED_SELECTOR = YES;
				GCC_WARN_UNINITIALIZED_AUTOS = YES_AGGRESSIVE;
				GCC_WARN_UNUSED_FUNCTION = YES;
				GCC_WARN_UNUSED_VARIABLE = YES;
				IPHONEOS_DEPLOYMENT_TARGET = 12.1;
				MTL_ENABLE_DEBUG_INFO = INCLUDE_SOURCE;
				MTL_FAST_MATH = YES;
				ONLY_ACTIVE_ARCH = YES;
				SDKROOT = iphoneos;
				SWIFT_ACTIVE_COMPILATION_CONDITIONS = DEBUG;
				SWIFT_OPTIMIZATION_LEVEL = "-Onone";
			};
			name = Debug;
		};
		FEF52B15219BAB19002FCBCF /* Release */ = {
			isa = XCBuildConfiguration;
			buildSettings = {
				ALWAYS_SEARCH_USER_PATHS = NO;
				CLANG_ANALYZER_NONNULL = YES;
				CLANG_ANALYZER_NUMBER_OBJECT_CONVERSION = YES_AGGRESSIVE;
				CLANG_CXX_LANGUAGE_STANDARD = "gnu++14";
				CLANG_CXX_LIBRARY = "libc++";
				CLANG_ENABLE_MODULES = YES;
				CLANG_ENABLE_OBJC_ARC = YES;
				CLANG_ENABLE_OBJC_WEAK = YES;
				CLANG_WARN_BLOCK_CAPTURE_AUTORELEASING = YES;
				CLANG_WARN_BOOL_CONVERSION = YES;
				CLANG_WARN_COMMA = YES;
				CLANG_WARN_CONSTANT_CONVERSION = YES;
				CLANG_WARN_DEPRECATED_OBJC_IMPLEMENTATIONS = YES;
				CLANG_WARN_DIRECT_OBJC_ISA_USAGE = YES_ERROR;
				CLANG_WARN_DOCUMENTATION_COMMENTS = YES;
				CLANG_WARN_EMPTY_BODY = YES;
				CLANG_WARN_ENUM_CONVERSION = YES;
				CLANG_WARN_INFINITE_RECURSION = YES;
				CLANG_WARN_INT_CONVERSION = YES;
				CLANG_WARN_NON_LITERAL_NULL_CONVERSION = YES;
				CLANG_WARN_OBJC_IMPLICIT_RETAIN_SELF = YES;
				CLANG_WARN_OBJC_LITERAL_CONVERSION = YES;
				CLANG_WARN_OBJC_ROOT_CLASS = YES_ERROR;
				CLANG_WARN_RANGE_LOOP_ANALYSIS = YES;
				CLANG_WARN_STRICT_PROTOTYPES = YES;
				CLANG_WARN_SUSPICIOUS_MOVE = YES;
				CLANG_WARN_UNGUARDED_AVAILABILITY = YES_AGGRESSIVE;
				CLANG_WARN_UNREACHABLE_CODE = YES;
				CLANG_WARN__DUPLICATE_METHOD_MATCH = YES;
				CODE_SIGN_IDENTITY = "iPhone Developer";
				COPY_PHASE_STRIP = NO;
				DEBUG_INFORMATION_FORMAT = "dwarf-with-dsym";
				ENABLE_NS_ASSERTIONS = NO;
				ENABLE_STRICT_OBJC_MSGSEND = YES;
				GCC_C_LANGUAGE_STANDARD = gnu11;
				GCC_NO_COMMON_BLOCKS = YES;
				GCC_WARN_64_TO_32_BIT_CONVERSION = YES;
				GCC_WARN_ABOUT_RETURN_TYPE = YES_ERROR;
				GCC_WARN_UNDECLARED_SELECTOR = YES;
				GCC_WARN_UNINITIALIZED_AUTOS = YES_AGGRESSIVE;
				GCC_WARN_UNUSED_FUNCTION = YES;
				GCC_WARN_UNUSED_VARIABLE = YES;
				IPHONEOS_DEPLOYMENT_TARGET = 12.1;
				MTL_ENABLE_DEBUG_INFO = NO;
				MTL_FAST_MATH = YES;
				SDKROOT = iphoneos;
				SWIFT_COMPILATION_MODE = wholemodule;
				SWIFT_OPTIMIZATION_LEVEL = "-O";
				VALIDATE_PRODUCT = YES;
			};
			name = Release;
		};
		FEF52B17219BAB19002FCBCF /* Debug */ = {
			isa = XCBuildConfiguration;
			buildSettings = {
				ASSETCATALOG_COMPILER_APPICON_NAME = AppIcon;
				CLANG_ENABLE_MODULES = YES;
				CODE_SIGN_STYLE = Automatic;
				DEVELOPMENT_TEAM = GB3732J7W2;
				INFOPLIST_FILE = "$(SRCROOT)/sort/Utility/Info.plist";
				LD_RUNPATH_SEARCH_PATHS = (
					"$(inherited)",
					"@executable_path/Frameworks",
				);
				PRODUCT_BUNDLE_IDENTIFIER = lawrenceherman.sort;
				PRODUCT_NAME = "$(TARGET_NAME)";
				SWIFT_OPTIMIZATION_LEVEL = "-Onone";
				SWIFT_VERSION = 4.2;
				TARGETED_DEVICE_FAMILY = "1,2";
			};
			name = Debug;
		};
		FEF52B18219BAB19002FCBCF /* Release */ = {
			isa = XCBuildConfiguration;
			buildSettings = {
				ASSETCATALOG_COMPILER_APPICON_NAME = AppIcon;
				CLANG_ENABLE_MODULES = YES;
				CODE_SIGN_STYLE = Automatic;
				DEVELOPMENT_TEAM = GB3732J7W2;
				INFOPLIST_FILE = "$(SRCROOT)/sort/Utility/Info.plist";
				LD_RUNPATH_SEARCH_PATHS = (
					"$(inherited)",
					"@executable_path/Frameworks",
				);
				PRODUCT_BUNDLE_IDENTIFIER = lawrenceherman.sort;
				PRODUCT_NAME = "$(TARGET_NAME)";
				SWIFT_VERSION = 4.2;
				TARGETED_DEVICE_FAMILY = "1,2";
			};
			name = Release;
		};
/* End XCBuildConfiguration section */

/* Begin XCConfigurationList section */
		FEA4CD7E21F7F05C006C43C3 /* Build configuration list for PBXNativeTarget "sortTests" */ = {
			isa = XCConfigurationList;
			buildConfigurations = (
				FEA4CD7C21F7F05C006C43C3 /* Debug */,
				FEA4CD7D21F7F05C006C43C3 /* Release */,
			);
			defaultConfigurationIsVisible = 0;
			defaultConfigurationName = Release;
		};
		FEF52AFF219BAB18002FCBCF /* Build configuration list for PBXProject "sort" */ = {
			isa = XCConfigurationList;
			buildConfigurations = (
				FEF52B14219BAB19002FCBCF /* Debug */,
				FEF52B15219BAB19002FCBCF /* Release */,
			);
			defaultConfigurationIsVisible = 0;
			defaultConfigurationName = Release;
		};
		FEF52B16219BAB19002FCBCF /* Build configuration list for PBXNativeTarget "sort" */ = {
			isa = XCConfigurationList;
			buildConfigurations = (
				FEF52B17219BAB19002FCBCF /* Debug */,
				FEF52B18219BAB19002FCBCF /* Release */,
			);
			defaultConfigurationIsVisible = 0;
			defaultConfigurationName = Release;
		};
/* End XCConfigurationList section */
	};
	rootObject = FEF52AFC219BAB18002FCBCF /* Project object */;
}
